<?xml version="1.0" encoding="utf-8"?>
<Project ToolsVersion="4.0" xmlns="http://schemas.microsoft.com/developer/msbuild/2003">
  <ItemGroup>
    <Filter Include="Source Files">
      <UniqueIdentifier>{7a944384-4466-4d19-82ca-78fe462b784a}</UniqueIdentifier>
      <Extensions>cpp;c;cxx;rc;def;r;odl;idl;hpj;bat</Extensions>
    </Filter>
    <Filter Include="Header Files">
      <UniqueIdentifier>{18e59326-15ec-4cda-a6cf-e49c30f3c510}</UniqueIdentifier>
      <Extensions>h;hpp;hxx;hm;inl</Extensions>
    </Filter>
    <Filter Include="Resource Files">
      <UniqueIdentifier>{81701748-0a14-411d-9f5d-998c8e2e2537}</UniqueIdentifier>
      <Extensions>ico;cur;bmp;dlg;rc2;rct;bin;rgs;gif;jpg;jpeg;jpe</Extensions>
    </Filter>
    <Filter Include="Uq3388">
      <UniqueIdentifier>{70b3b124-1470-4824-b80b-43a88d2f79a8}</UniqueIdentifier>
    </Filter>
  </ItemGroup>
  <ItemGroup>
    <ClCompile Include="StdAfx.cpp">
      <Filter>Source Files</Filter>
    </ClCompile>
    <ClCompile Include="UXCap.cpp">
      <Filter>Source Files</Filter>
    </ClCompile>
    <ClCompile Include="UXCapIF.cpp">
      <Filter>Source Files</Filter>
    </ClCompile>
    <ClCompile Include="uq3388_osd_lib.cpp">
      <Filter>Uq3388</Filter>
    </ClCompile>
    <ClCompile Include="uq3388_motion_lib.cpp">
      <Filter>Uq3388</Filter>
    </ClCompile>
  </ItemGroup>
  <ItemGroup>
    <ResourceCompile Include="UXCap.rc">
      <Filter>Source Files</Filter>
    </ResourceCompile>
  </ItemGroup>
  <ItemGroup>
    <ClInclude Include="Resource.h">
      <Filter>Header Files</Filter>
    </ClInclude>
    <ClInclude Include="Serial.h">
      <Filter>Header Files</Filter>
    </ClInclude>
    <ClInclude Include="SerialDef.h">
      <Filter>Header Files</Filter>
    </ClInclude>
    <ClInclude Include="StdAfx.h">
      <Filter>Header Files</Filter>
    </ClInclude>
    <ClInclude Include="..\include\ubiqmicro\uq3388\uq3388_lib.h">
      <Filter>Uq3388</Filter>
    </ClInclude>
    <ClInclude Include="..\include\ubiqmicro\uq3388\uq3388_lib_define.h">
      <Filter>Uq3388</Filter>
    </ClInclude>
    <ClInclude Include="uq3388_osd_lib.h">
      <Filter>Uq3388</Filter>
    </ClInclude>
    <ClInclude Include="uq3388_motion_lib.h">
      <Filter>Uq3388</Filter>
    </ClInclude>
    <ClInclude Include="..\Include\UXCapIF.h">
      <Filter>Header Files</Filter>
    </ClInclude>
  </ItemGroup>
  <ItemGroup>
    <CustomBuild Include="UXCap.def">
      <Filter>Source Files</Filter>
    </CustomBuild>
    <CustomBuild Include="res\UXCap.rc2">
      <Filter>Resource Files</Filter>
    </CustomBuild>
    <CustomBuild Include="ReadMe.txt" />
  </ItemGroup>
</Project>